<?xml version="1.0" encoding="utf-8"?>
<Project ToolsVersion="4.0" xmlns="http://schemas.microsoft.com/developer/msbuild/2003">
  <ItemGroup>
    <Filter Include="源文件">
      <UniqueIdentifier>{4FC737F1-C7A5-4376-A066-2A32D752A2FF}</UniqueIdentifier>
      <Extensions>cpp;c;cc;cxx;c++;cppm;ixx;def;odl;idl;hpj;bat;asm;asmx</Extensions>
    </Filter>
    <Filter Include="头文件">
      <UniqueIdentifier>{93995380-89BD-4b04-88EB-625FBE52EBFB}</UniqueIdentifier>
      <Extensions>h;hh;hpp;hxx;h++;hm;inl;inc;ipp;xsd</Extensions>
    </Filter>
    <Filter Include="资源文件">
      <UniqueIdentifier>{67DA6AB6-F800-4c08-8B7A-83BB121AAD01}</UniqueIdentifier>
      <Extensions>rc;ico;cur;bmp;dlg;rc2;rct;bin;rgs;gif;jpg;jpeg;jpe;resx;tiff;tif;png;wav;mfcribbon-ms</Extensions>
    </Filter>
    <Filter Include="头文件\Runtime">
      <UniqueIdentifier>{693ea8c1-3c94-4f87-a3af-c41a52f72271}</UniqueIdentifier>
    </Filter>
    <Filter Include="头文件\Runtime\Core">
      <UniqueIdentifier>{def398ab-9ef4-4c5b-800c-5ab9b7c7fee8}</UniqueIdentifier>
    </Filter>
    <Filter Include="头文件\Runtime\Core\Type">
      <UniqueIdentifier>{0a1dc817-2383-4fb4-8608-b068fe3c79b9}</UniqueIdentifier>
    </Filter>
    <Filter Include="头文件\Runtime\Core\Object">
      <UniqueIdentifier>{83ab2273-dd37-4385-9111-61886f3521da}</UniqueIdentifier>
    </Filter>
    <Filter Include="头文件\Runtime\Core\Meta">
      <UniqueIdentifier>{db786372-a2d3-466f-94cb-e58182523c46}</UniqueIdentifier>
    </Filter>
    <Filter Include="头文件\Runtime\Core\JIT">
      <UniqueIdentifier>{03a703a9-f84d-4677-8309-07bc100364a6}</UniqueIdentifier>
    </Filter>
    <Filter Include="头文件\Runtime\Core\JIT\Emitter">
      <UniqueIdentifier>{edc32939-f5df-4051-91c5-a2fafdb30a81}</UniqueIdentifier>
    </Filter>
    <Filter Include="头文件\Runtime\Core\JIT\HexJIT">
      <UniqueIdentifier>{f74c6942-9f3c-435e-abf5-857619142022}</UniqueIdentifier>
    </Filter>
    <Filter Include="头文件\Runtime\Core\JIT\Emitter\Page">
      <UniqueIdentifier>{4bec2c78-90f1-4150-b250-3c37be89aeb7}</UniqueIdentifier>
    </Filter>
    <Filter Include="头文件\Runtime\Core\JIT\HexJIT\Frontend">
      <UniqueIdentifier>{c92a1fd4-1382-424f-9881-4594f3975af4}</UniqueIdentifier>
    </Filter>
    <Filter Include="头文件\Runtime\Core\JIT\HexJIT\Backend">
      <UniqueIdentifier>{74037979-6d3c-47fb-9e64-b14e8dc02df8}</UniqueIdentifier>
    </Filter>
    <Filter Include="头文件\Runtime\Core\Exception">
      <UniqueIdentifier>{5a2421f9-a4ee-43b8-a35a-88d1530ac824}</UniqueIdentifier>
    </Filter>
    <Filter Include="头文件\Runtime\Core\Interfaces">
      <UniqueIdentifier>{805d7a80-6563-442c-980d-52acb959c2d2}</UniqueIdentifier>
    </Filter>
    <Filter Include="源文件\OSFile">
      <UniqueIdentifier>{361330e3-b8ef-48b7-b415-0aa55d0b19f2}</UniqueIdentifier>
    </Filter>
    <Filter Include="头文件\Runtime\Core\Meta\Descriptors">
      <UniqueIdentifier>{d7cbafa8-1be6-44fa-b90b-dcaa88577cb3}</UniqueIdentifier>
    </Filter>
    <Filter Include="头文件\Runtime\Core\Meta\ImportSession">
      <UniqueIdentifier>{a8dd7655-b242-4d33-be29-c711f1944178}</UniqueIdentifier>
    </Filter>
    <Filter Include="源文件\ImportSession">
      <UniqueIdentifier>{9789e6ef-1c69-40ed-9e13-43f9d70268f0}</UniqueIdentifier>
    </Filter>
    <Filter Include="头文件\Runtime\Utility">
      <UniqueIdentifier>{7885a4ba-8cf1-4994-ae2f-11a4cb5a5eca}</UniqueIdentifier>
    </Filter>
    <Filter Include="头文件\Runtime\Core\Meta\Descriptors\Tables">
      <UniqueIdentifier>{c17ac400-fb64-463d-a800-afb574bcc8e6}</UniqueIdentifier>
    </Filter>
    <Filter Include="源文件\Tables">
      <UniqueIdentifier>{110b65fb-9e1b-4720-87c6-4a162fa21e7a}</UniqueIdentifier>
    </Filter>
    <Filter Include="源文件\Descriptors">
      <UniqueIdentifier>{b1850e02-d61b-494f-a5aa-90b40ecc9c30}</UniqueIdentifier>
    </Filter>
    <Filter Include="源文件\Interlocked">
      <UniqueIdentifier>{3cf5e619-470f-4010-b93f-f52274e0506e}</UniqueIdentifier>
    </Filter>
    <Filter Include="源文件\Objects">
      <UniqueIdentifier>{55aa090f-4b36-423e-8954-bf9e5cd0f754}</UniqueIdentifier>
    </Filter>
    <Filter Include="头文件\Runtime\Core\Memory">
      <UniqueIdentifier>{310564bb-e018-41f8-a9be-2faf5e2f4fce}</UniqueIdentifier>
    </Filter>
    <Filter Include="源文件\Memory">
      <UniqueIdentifier>{84a3d092-3c66-43b5-96a1-824e4ecd030d}</UniqueIdentifier>
    </Filter>
    <Filter Include="DebugVisual">
      <UniqueIdentifier>{fd3daf33-4161-4eb1-bb47-a1c2352b1f7e}</UniqueIdentifier>
    </Filter>
    <Filter Include="源文件\JIT">
      <UniqueIdentifier>{0ce7aca9-a7f4-4a23-bf90-05ae7e70e804}</UniqueIdentifier>
    </Filter>
    <Filter Include="头文件\Runtime\Core\Platform">
      <UniqueIdentifier>{9cc5d47f-ac20-4799-934c-9870b92a6f61}</UniqueIdentifier>
    </Filter>
    <Filter Include="头文件\Runtime\Core\Platform\CallingConventionProviders">
      <UniqueIdentifier>{8e426cdf-3a07-42eb-b256-9ac560247b61}</UniqueIdentifier>
    </Filter>
    <Filter Include="头文件\Runtime\Core\Platform\Register">
      <UniqueIdentifier>{acea40ac-c626-4e9d-9d1b-0760464c8e02}</UniqueIdentifier>
    </Filter>
    <Filter Include="头文件\Runtime\Core\JIT\HexJIT\Backend\X86">
      <UniqueIdentifier>{181492f5-de66-4c92-9a3d-b5afef52b071}</UniqueIdentifier>
    </Filter>
    <Filter Include="头文件\Runtime\Core\JIT\Page">
      <UniqueIdentifier>{87f43824-19c4-4170-aa11-f1eb942cca61}</UniqueIdentifier>
    </Filter>
    <Filter Include="头文件\Runtime\Host">
      <UniqueIdentifier>{dad5146e-9d36-44ad-9471-c38dfa7e932d}</UniqueIdentifier>
    </Filter>
    <Filter Include="源文件\JIT\X86">
      <UniqueIdentifier>{7a4e5839-a9a7-4435-8b69-c0657efa347c}</UniqueIdentifier>
    </Filter>
    <Filter Include="头文件\Runtime\Core\ExecutionEngine">
      <UniqueIdentifier>{8ce9b860-a6c4-48d6-ae7b-9dd6fd4ca34d}</UniqueIdentifier>
    </Filter>
  </ItemGroup>
  <ItemGroup>
    <ClInclude Include="Runtime\Binary.h">
      <Filter>头文件\Runtime</Filter>
    </ClInclude>
    <ClInclude Include="Runtime\RuntimeAlias.h">
      <Filter>头文件\Runtime</Filter>
    </ClInclude>
    <ClInclude Include="Runtime\Core\Accessibility.h">
      <Filter>头文件\Runtime\Core</Filter>
    </ClInclude>
    <ClInclude Include="Runtime\Core\JIT\JIT.h">
      <Filter>头文件\Runtime\Core\JIT</Filter>
    </ClInclude>
    <ClInclude Include="Runtime\Core\JIT\JITContext.h">
      <Filter>头文件\Runtime\Core\JIT</Filter>
    </ClInclude>
    <ClInclude Include="Runtime\Core\JIT\OpCodes.h">
      <Filter>头文件\Runtime\Core\JIT</Filter>
    </ClInclude>
    <ClInclude Include="Runtime\Core\JIT\HexJIT\HexJIT.h">
      <Filter>头文件\Runtime\Core\JIT\HexJIT</Filter>
    </ClInclude>
    <ClInclude Include="Runtime\Core\JIT\HexJIT\Frontend\EvaluationStack.h">
      <Filter>头文件\Runtime\Core\JIT\HexJIT\Frontend</Filter>
    </ClInclude>
    <ClInclude Include="Runtime\Core\JIT\HexJIT\Frontend\SSABuilder.h">
      <Filter>头文件\Runtime\Core\JIT\HexJIT\Frontend</Filter>
    </ClInclude>
    <ClInclude Include="Runtime\Core\JIT\HexJIT\Frontend\Transformer.h">
      <Filter>头文件\Runtime\Core\JIT\HexJIT\Frontend</Filter>
    </ClInclude>
    <ClInclude Include="Runtime\Core\Object\ObjectStorage.h">
      <Filter>头文件\Runtime\Core\Object</Filter>
    </ClInclude>
    <ClInclude Include="Runtime\Core\Object\StringObject.h">
      <Filter>头文件\Runtime\Core\Object</Filter>
    </ClInclude>
    <ClInclude Include="Runtime\Core\Object\ArrayObject.h">
      <Filter>头文件\Runtime\Core\Object</Filter>
    </ClInclude>
    <ClInclude Include="Runtime\Core\Object\Object.h">
      <Filter>头文件\Runtime\Core\Object</Filter>
    </ClInclude>
    <ClInclude Include="Runtime\Core\Meta\MetaManager.h">
      <Filter>头文件\Runtime\Core\Meta</Filter>
    </ClInclude>
    <ClInclude Include="Runtime\Core\JIT\Emitter\Page\ExecutablePage.h">
      <Filter>头文件\Runtime\Core\JIT\Emitter\Page</Filter>
    </ClInclude>
    <ClInclude Include="Runtime\Core\JIT\Emitter\Page\WindowsExecutablePage.h">
      <Filter>头文件\Runtime\Core\JIT\Emitter\Page</Filter>
    </ClInclude>
    <ClInclude Include="Runtime\Core\Exception\RuntimeException.h">
      <Filter>头文件\Runtime\Core\Exception</Filter>
    </ClInclude>
    <ClInclude Include="Runtime\Core\JIT\Emitter\Emitter.h">
      <Filter>头文件\Runtime\Core\JIT\Emitter</Filter>
    </ClInclude>
    <ClInclude Include="Runtime\Core\JIT\Emitter\X86Emitter.h">
      <Filter>头文件\Runtime\Core\JIT\Emitter</Filter>
    </ClInclude>
    <ClInclude Include="Runtime\Core\JIT\ILEmitter.h">
      <Filter>头文件\Runtime\Core\JIT</Filter>
    </ClInclude>
    <ClInclude Include="Runtime\Core\Interfaces\OSMemory.h">
      <Filter>头文件\Runtime\Core\Interfaces</Filter>
    </ClInclude>
    <ClInclude Include="Runtime\Core\JIT\HexJIT\Frontend\Materializer.h">
      <Filter>头文件\Runtime\Core\JIT\HexJIT\Frontend</Filter>
    </ClInclude>
    <ClInclude Include="Runtime\Core\JIT\HexJIT\Frontend\SSAOptimizer.h">
      <Filter>头文件\Runtime\Core\JIT\HexJIT\Frontend</Filter>
    </ClInclude>
    <ClInclude Include="Runtime\Core\JIT\HexJIT\JITHelper.h">
      <Filter>头文件\Runtime\Core\JIT\HexJIT</Filter>
    </ClInclude>
    <ClInclude Include="Runtime\Core\InteriorPointer.h">
      <Filter>头文件\Runtime\Core</Filter>
    </ClInclude>
    <ClInclude Include="Runtime\Core\Meta\MDRecords.h">
      <Filter>头文件\Runtime\Core\Meta</Filter>
    </ClInclude>
    <ClInclude Include="Runtime\Core\Meta\MDImporter.h">
      <Filter>头文件\Runtime\Core\Meta</Filter>
    </ClInclude>
    <ClInclude Include="Runtime\Core\Interfaces\OSFile.h">
      <Filter>头文件\Runtime\Core\Interfaces</Filter>
    </ClInclude>
    <ClInclude Include="Runtime\Core\Meta\MethodDescriptor.h">
      <Filter>头文件\Runtime\Core\Meta\Descriptors</Filter>
    </ClInclude>
    <ClInclude Include="Runtime\Core\Meta\IImportSession.h">
      <Filter>头文件\Runtime\Core\Meta\ImportSession</Filter>
    </ClInclude>
    <ClInclude Include="Runtime\Core\Meta\MappedImportSession.h">
      <Filter>头文件\Runtime\Core\Meta\ImportSession</Filter>
    </ClInclude>
    <ClInclude Include="Runtime\Core\Meta\ImportSession.h">
      <Filter>头文件\Runtime\Core\Meta\ImportSession</Filter>
    </ClInclude>
    <ClInclude Include="Runtime\Utility.h">
      <Filter>头文件\Runtime\Utility</Filter>
    </ClInclude>
    <ClInclude Include="Runtime\ObservableArray.h">
      <Filter>头文件\Runtime\Utility</Filter>
    </ClInclude>
    <ClInclude Include="Runtime\Core\JIT\HexJIT\HexJITContext.h">
      <Filter>头文件\Runtime\Core\JIT\HexJIT</Filter>
    </ClInclude>
    <ClInclude Include="Runtime\Core\Meta\FieldDescriptor.h">
      <Filter>头文件\Runtime\Core\Meta\Descriptors</Filter>
    </ClInclude>
    <ClInclude Include="Runtime\Core\Meta\Descriptor.h">
      <Filter>头文件\Runtime\Core\Meta\Descriptors</Filter>
    </ClInclude>
    <ClInclude Include="Runtime\Core\Meta\TypeDescriptor.h">
      <Filter>头文件\Runtime\Core\Meta\Descriptors</Filter>
    </ClInclude>
    <ClInclude Include="Runtime\Core\Meta\InterfaceDispatchTable.h">
      <Filter>头文件\Runtime\Core\Meta\Descriptors\Tables</Filter>
    </ClInclude>
    <ClInclude Include="Runtime\Core\Meta\FieldTable.h">
      <Filter>头文件\Runtime\Core\Meta\Descriptors\Tables</Filter>
    </ClInclude>
    <ClInclude Include="Runtime\Core\Meta\MethodTable.h">
      <Filter>头文件\Runtime\Core\Meta\Descriptors\Tables</Filter>
    </ClInclude>
    <ClInclude Include="Runtime\Core\Meta\CoreTypes.h">
      <Filter>头文件\Runtime\Core\Meta</Filter>
    </ClInclude>
    <ClInclude Include="Runtime\Core\Meta\AssemblyContext.h">
      <Filter>头文件\Runtime\Core\Meta</Filter>
    </ClInclude>
    <ClInclude Include="Runtime\Core\Memory\SegmentHeap.h">
      <Filter>头文件\Runtime\Core\Memory</Filter>
    </ClInclude>
    <ClInclude Include="Runtime\Core\Memory\PrivateHeap.h">
      <Filter>头文件\Runtime\Core\Memory</Filter>
    </ClInclude>
    <ClInclude Include="Runtime\Core\Interlocked.h">
      <Filter>头文件\Runtime\Core</Filter>
    </ClInclude>
    <ClInclude Include="Runtime\Logging.h">
      <Filter>头文件\Runtime</Filter>
    </ClInclude>
    <ClInclude Include="Runtime\LoggingConfiguration.h">
      <Filter>头文件\Runtime</Filter>
    </ClInclude>
    <ClInclude Include="Runtime\DynamicTokenTable.h">
      <Filter>头文件\Runtime\Utility</Filter>
    </ClInclude>
    <ClInclude Include="Runtime\Core\Meta\InstantiationMap.h">
      <Filter>头文件\Runtime\Core\Meta</Filter>
    </ClInclude>
    <ClInclude Include="Runtime\Core\Meta\TypeStructuredName.h">
      <Filter>头文件\Runtime\Core\Meta</Filter>
    </ClInclude>
    <ClInclude Include="Runtime\Range.h">
      <Filter>头文件\Runtime\Utility</Filter>
    </ClInclude>
    <ClInclude Include="Runtime\Core\JIT\HexJIT\JITFlow.h">
      <Filter>头文件\Runtime\Core\JIT\HexJIT</Filter>
    </ClInclude>
    <ClInclude Include="Runtime\LinkList.h">
      <Filter>头文件\Runtime\Utility</Filter>
    </ClInclude>
    <ClInclude Include="Runtime\Endianness.h">
      <Filter>头文件\Runtime\Utility</Filter>
    </ClInclude>
    <ClInclude Include="Runtime\Core\JIT\HexJIT\Backend\SSAReducer.h">
      <Filter>头文件\Runtime\Core\JIT\HexJIT\Backend</Filter>
    </ClInclude>
    <ClInclude Include="Runtime\Core\JIT\HexJIT\IR.h">
      <Filter>头文件\Runtime\Core\JIT\HexJIT</Filter>
    </ClInclude>
    <ClInclude Include="Runtime\Core\JIT\HexJIT\Backend\Linearizer.h">
      <Filter>头文件\Runtime\Core\JIT\HexJIT\Backend</Filter>
    </ClInclude>
    <ClInclude Include="Runtime\Core\Platform\Platform.h">
      <Filter>头文件\Runtime\Core\Platform</Filter>
    </ClInclude>
    <ClInclude Include="Runtime\Core\Platform\PlatformSpecialization.h">
      <Filter>头文件\Runtime\Core\Platform</Filter>
    </ClInclude>
    <ClInclude Include="Runtime\Core\Platform\JITConventionProvider.h">
      <Filter>头文件\Runtime\Core\Platform\CallingConventionProviders</Filter>
    </ClInclude>
    <ClInclude Include="Runtime\Core\Platform\X86Register.h">
      <Filter>头文件\Runtime\Core\Platform\Register</Filter>
    </ClInclude>
    <ClInclude Include="Runtime\Bit.h">
      <Filter>头文件\Runtime\Utility</Filter>
    </ClInclude>
    <ClInclude Include="Runtime\SmallSet.h">
      <Filter>头文件\Runtime\Utility</Filter>
    </ClInclude>
    <ClInclude Include="Runtime\Core\JIT\HexJIT\EmitPage.h">
      <Filter>头文件\Runtime\Core\JIT\Page</Filter>
    </ClInclude>
    <ClInclude Include="Runtime\Core\JIT\HexJIT\EmitPageProvider.h">
      <Filter>头文件\Runtime\Core\JIT\Page</Filter>
    </ClInclude>
    <ClInclude Include="Runtime\Host\RuntimeHost.h">
      <Filter>头文件\Runtime\Host</Filter>
    </ClInclude>
    <ClInclude Include="Runtime\Core\JIT\HexJIT\Backend\LivenessAnalyzer.h">
      <Filter>头文件\Runtime\Core\JIT\HexJIT\Backend</Filter>
    </ClInclude>
    <ClInclude Include="Runtime\PlatformFeature.h">
      <Filter>头文件\Runtime</Filter>
    </ClInclude>
    <ClInclude Include="Runtime\Core\JIT\HexJIT\Backend\RegisterAllocationContext.h">
      <Filter>头文件\Runtime\Core\JIT\HexJIT\Backend</Filter>
    </ClInclude>
    <ClInclude Include="Runtime\Core\JIT\HexJIT\JITDebugView.h">
      <Filter>头文件\Runtime\Core\JIT\HexJIT</Filter>
    </ClInclude>
    <ClInclude Include="Runtime\Core\JIT\HexJIT\Backend\StackFrameGenerator.h">
      <Filter>头文件\Runtime\Core\JIT\HexJIT\Backend</Filter>
    </ClInclude>
    <ClInclude Include="Runtime\Core\ExecutionEngine\StackCrawling.h">
      <Filter>头文件\Runtime\Core\ExecutionEngine</Filter>
    </ClInclude>
    <ClInclude Include="Runtime\Core\Platform\CallingConventionProviderUse.h">
      <Filter>头文件\Runtime\Core\Platform</Filter>
    </ClInclude>
    <ClInclude Include="Runtime\Core\Meta\TypeIdentity.h">
      <Filter>头文件\Runtime\Core\Platform</Filter>
    </ClInclude>
    <ClInclude Include="Runtime\Guid.h">
      <Filter>头文件\Runtime\Utility</Filter>
    </ClInclude>
  </ItemGroup>
  <ItemGroup>
    <ClCompile Include="Main.cpp">
      <Filter>源文件</Filter>
    </ClCompile>
    <ClCompile Include="Runtime\Core\Meta\MetaManager.cpp">
      <Filter>源文件</Filter>
    </ClCompile>
    <ClCompile Include="Runtime\Core\JIT\Emitter\X86Emitter.cpp">
      <Filter>源文件</Filter>
    </ClCompile>
    <ClCompile Include="Runtime\Core\Object\ObjectStorage.cpp">
      <Filter>源文件</Filter>
    </ClCompile>
    <ClCompile Include="Runtime\Core\JIT\Emitter\Emitter.cpp">
      <Filter>源文件</Filter>
    </ClCompile>
    <ClCompile Include="Runtime\Binary.cpp">
      <Filter>源文件</Filter>
    </ClCompile>
    <ClCompile Include="Runtime\Core\JIT\Emitter\Page\WindowsExecutablePage.cpp">
      <Filter>源文件</Filter>
    </ClCompile>
    <ClCompile Include="Runtime\Core\Exception\RuntimeException.cpp">
      <Filter>源文件</Filter>
    </ClCompile>
    <ClCompile Include="Runtime\Core\GC\GCInterface.cpp">
      <Filter>源文件</Filter>
    </ClCompile>
    <ClCompile Include="Runtime\Core\JIT\ILEmitter.cpp">
      <Filter>源文件</Filter>
    </ClCompile>
    <ClCompile Include="Runtime\Core\Meta\MDImporter.cpp">
      <Filter>源文件</Filter>
    </ClCompile>
    <ClCompile Include="Runtime\Core\Interfaces\OSFileWindows.cpp">
      <Filter>源文件\OSFile</Filter>
    </ClCompile>
    <ClCompile Include="Runtime\Core\Meta\MappedImportSession.cpp">
      <Filter>源文件\ImportSession</Filter>
    </ClCompile>
    <ClCompile Include="Runtime\Core\Meta\IImportSession.cpp">
      <Filter>源文件\ImportSession</Filter>
    </ClCompile>
    <ClCompile Include="Runtime\Core\Meta\ImportSession.cpp">
      <Filter>源文件\ImportSession</Filter>
    </ClCompile>
    <ClCompile Include="Runtime\Core\Meta\MethodTable.cpp">
      <Filter>源文件\Tables</Filter>
    </ClCompile>
    <ClCompile Include="Runtime\Core\Meta\FieldTable.cpp">
      <Filter>源文件\Tables</Filter>
    </ClCompile>
    <ClCompile Include="Runtime\Core\Meta\FieldDescriptor.cpp">
      <Filter>源文件\Descriptors</Filter>
    </ClCompile>
    <ClCompile Include="Runtime\Core\Meta\MethodDescriptor.cpp">
      <Filter>源文件\Descriptors</Filter>
    </ClCompile>
    <ClCompile Include="Runtime\Core\Meta\TypeDescriptor.cpp">
      <Filter>源文件\Descriptors</Filter>
    </ClCompile>
    <ClCompile Include="Runtime\Core\Meta\AssemblyContext.cpp">
      <Filter>源文件</Filter>
    </ClCompile>
    <ClCompile Include="Runtime\Core\Object\ArrayObject.cpp">
      <Filter>源文件\Objects</Filter>
    </ClCompile>
    <ClCompile Include="Runtime\Core\Object\Object.cpp">
      <Filter>源文件\Objects</Filter>
    </ClCompile>
    <ClCompile Include="Runtime\Core\Object\StringObject.cpp">
      <Filter>源文件\Objects</Filter>
    </ClCompile>
    <ClCompile Include="Runtime\RuntimeAlias.cpp">
      <Filter>源文件</Filter>
    </ClCompile>
    <ClCompile Include="Runtime\Core\Memory\PrivateHeap.cpp">
      <Filter>源文件\Memory</Filter>
    </ClCompile>
    <ClCompile Include="Runtime\Core\Memory\SegmentHeap.cpp">
      <Filter>源文件\Memory</Filter>
    </ClCompile>
    <ClCompile Include="Runtime\Core\InterlockedWindows.cpp">
      <Filter>源文件\Interlocked</Filter>
    </ClCompile>
    <ClCompile Include="Runtime\Logging.cpp">
      <Filter>源文件</Filter>
    </ClCompile>
    <ClCompile Include="Runtime\Core\Meta\InterfaceDispatchTable.cpp">
      <Filter>源文件\Tables</Filter>
    </ClCompile>
    <ClCompile Include="Runtime\Core\Meta\InstantiationMap.cpp">
      <Filter>源文件</Filter>
    </ClCompile>
    <ClCompile Include="Runtime\Core\Meta\TypeStructuredName.cpp">
      <Filter>源文件</Filter>
    </ClCompile>
    <ClCompile Include="Runtime\Range.cpp">
      <Filter>源文件</Filter>
    </ClCompile>
    <ClCompile Include="Runtime\Core\JIT\HexJIT\JITHelper.cpp">
      <Filter>源文件\JIT</Filter>
    </ClCompile>
    <ClCompile Include="Runtime\Core\JIT\HexJIT\IR.cpp">
      <Filter>源文件\JIT</Filter>
    </ClCompile>
    <ClCompile Include="Runtime\Core\JIT\HexJIT\Frontend\Materializer.cpp">
      <Filter>源文件\JIT</Filter>
    </ClCompile>
    <ClCompile Include="Runtime\Core\JIT\HexJIT\Frontend\SSABuilder.cpp">
      <Filter>源文件\JIT</Filter>
    </ClCompile>
    <ClCompile Include="Runtime\Core\JIT\HexJIT\Frontend\Transformer.cpp">
      <Filter>源文件\JIT</Filter>
    </ClCompile>
    <ClCompile Include="Runtime\Core\JIT\HexJIT\Backend\SSAReducer.cpp">
      <Filter>源文件\JIT</Filter>
    </ClCompile>
    <ClCompile Include="Runtime\Core\JIT\HexJIT\Frontend\SSAOptimizer.cpp">
      <Filter>源文件\JIT</Filter>
    </ClCompile>
    <ClCompile Include="Runtime\Core\JIT\HexJIT\Frontend\EvaluationStack.cpp">
      <Filter>源文件\JIT</Filter>
    </ClCompile>
    <ClCompile Include="Runtime\Core\JIT\HexJIT\Backend\Linearizer.cpp">
      <Filter>源文件\JIT</Filter>
    </ClCompile>
    <ClCompile Include="Runtime\Bit.cpp">
      <Filter>源文件</Filter>
    </ClCompile>
    <ClCompile Include="Runtime\Core\JIT\HexJIT\EmitPage.cpp">
      <Filter>源文件\JIT</Filter>
    </ClCompile>
    <ClCompile Include="Runtime\Core\JIT\HexJIT\WindowsEmitPageProvider.cpp">
      <Filter>源文件\JIT</Filter>
    </ClCompile>
    <ClCompile Include="Runtime\Core\JIT\HexJIT\Backend\X86Interpreter.cpp">
      <Filter>源文件\JIT\X86</Filter>
    </ClCompile>
    <ClCompile Include="Runtime\Core\JIT\HexJIT\Backend\RegisterAllocationContext.cpp">
      <Filter>源文件\JIT</Filter>
    </ClCompile>
    <ClCompile Include="Runtime\Core\JIT\HexJIT\Backend\LivenessAnalyzer.cpp">
      <Filter>源文件\JIT</Filter>
    </ClCompile>
    <ClCompile Include="Runtime\Core\JIT\HexJIT\JITDebugView.cpp">
      <Filter>源文件\JIT</Filter>
    </ClCompile>
    <ClCompile Include="Runtime\Core\JIT\HexJIT\Backend\X86CodeInterpreter.cpp">
      <Filter>源文件</Filter>
    </ClCompile>
    <ClCompile Include="Runtime\Core\JIT\HexJIT\Backend\StackFrameGenerator.cpp">
      <Filter>源文件\JIT</Filter>
    </ClCompile>
  </ItemGroup>
  <ItemGroup>
    <None Include="cpp.hint" />
    <None Include="Runtime\Core\JIT\HexJIT\Backend\X86CodeInterpreter.h">
      <Filter>头文件\Runtime\Core\JIT\HexJIT\Backend\X86</Filter>
    </None>
  </ItemGroup>
  <ItemGroup>
    <Natvis Include="Runtime\Core\Runtime.natvis">
      <Filter>DebugVisual</Filter>
    </Natvis>
  </ItemGroup>
</Project>