<?xml version="1.0" encoding="utf-8"?>
<Project ToolsVersion="4.0" xmlns="http://schemas.microsoft.com/developer/msbuild/2003">
  <ItemGroup>
    <Filter Include="源文件">
      <UniqueIdentifier>{4FC737F1-C7A5-4376-A066-2A32D752A2FF}</UniqueIdentifier>
      <Extensions>cpp;c;cc;cxx;c++;cppm;ixx;def;odl;idl;hpj;bat;asm;asmx</Extensions>
    </Filter>
    <Filter Include="头文件">
      <UniqueIdentifier>{93995380-89BD-4b04-88EB-625FBE52EBFB}</UniqueIdentifier>
      <Extensions>h;hh;hpp;hxx;h++;hm;inl;inc;ipp;xsd</Extensions>
    </Filter>
    <Filter Include="资源文件">
      <UniqueIdentifier>{67DA6AB6-F800-4c08-8B7A-83BB121AAD01}</UniqueIdentifier>
      <Extensions>rc;ico;cur;bmp;dlg;rc2;rct;bin;rgs;gif;jpg;jpeg;jpe;resx;tiff;tif;png;wav;mfcribbon-ms</Extensions>
    </Filter>
    <Filter Include="头文件\Runtime">
      <UniqueIdentifier>{693ea8c1-3c94-4f87-a3af-c41a52f72271}</UniqueIdentifier>
    </Filter>
    <Filter Include="头文件\Runtime\Core">
      <UniqueIdentifier>{def398ab-9ef4-4c5b-800c-5ab9b7c7fee8}</UniqueIdentifier>
    </Filter>
    <Filter Include="头文件\Runtime\Core\Builders">
      <UniqueIdentifier>{dc3b533d-11f4-4b93-9d02-6468cf55a5f4}</UniqueIdentifier>
    </Filter>
    <Filter Include="头文件\Runtime\Core\Type">
      <UniqueIdentifier>{0a1dc817-2383-4fb4-8608-b068fe3c79b9}</UniqueIdentifier>
    </Filter>
    <Filter Include="头文件\Runtime\Core\Object">
      <UniqueIdentifier>{83ab2273-dd37-4385-9111-61886f3521da}</UniqueIdentifier>
    </Filter>
    <Filter Include="头文件\Runtime\Core\Meta">
      <UniqueIdentifier>{db786372-a2d3-466f-94cb-e58182523c46}</UniqueIdentifier>
    </Filter>
    <Filter Include="头文件\Runtime\Core\JIT">
      <UniqueIdentifier>{03a703a9-f84d-4677-8309-07bc100364a6}</UniqueIdentifier>
    </Filter>
    <Filter Include="头文件\Runtime\Core\JIT\Emitter">
      <UniqueIdentifier>{edc32939-f5df-4051-91c5-a2fafdb30a81}</UniqueIdentifier>
    </Filter>
    <Filter Include="头文件\Runtime\Core\JIT\HexJIT">
      <UniqueIdentifier>{f74c6942-9f3c-435e-abf5-857619142022}</UniqueIdentifier>
    </Filter>
    <Filter Include="头文件\Runtime\Core\JIT\Emitter\Page">
      <UniqueIdentifier>{4bec2c78-90f1-4150-b250-3c37be89aeb7}</UniqueIdentifier>
    </Filter>
    <Filter Include="头文件\Runtime\Core\JIT\HexJIT\Frontend">
      <UniqueIdentifier>{c92a1fd4-1382-424f-9881-4594f3975af4}</UniqueIdentifier>
    </Filter>
    <Filter Include="头文件\Runtime\Core\JIT\HexJIT\Backend">
      <UniqueIdentifier>{74037979-6d3c-47fb-9e64-b14e8dc02df8}</UniqueIdentifier>
    </Filter>
    <Filter Include="头文件\Runtime\Core\Exception">
      <UniqueIdentifier>{5a2421f9-a4ee-43b8-a35a-88d1530ac824}</UniqueIdentifier>
    </Filter>
    <Filter Include="头文件\Runtime\Core\Interfaces">
      <UniqueIdentifier>{805d7a80-6563-442c-980d-52acb959c2d2}</UniqueIdentifier>
    </Filter>
  </ItemGroup>
  <ItemGroup>
    <ClInclude Include="Runtime\Binary.h">
      <Filter>头文件\Runtime</Filter>
    </ClInclude>
    <ClInclude Include="Runtime\RuntimeAlias.h">
      <Filter>头文件\Runtime</Filter>
    </ClInclude>
    <ClInclude Include="Runtime\Utility.h">
      <Filter>头文件\Runtime</Filter>
    </ClInclude>
    <ClInclude Include="Runtime\Core\Accessibility.h">
      <Filter>头文件\Runtime\Core</Filter>
    </ClInclude>
    <ClInclude Include="Runtime\Core\FieldTable.h">
      <Filter>头文件\Runtime\Core</Filter>
    </ClInclude>
    <ClInclude Include="Runtime\Core\InterfaceDispatchTable.h">
      <Filter>头文件\Runtime\Core</Filter>
    </ClInclude>
    <ClInclude Include="Runtime\Core\MethodTable.h">
      <Filter>头文件\Runtime\Core</Filter>
    </ClInclude>
    <ClInclude Include="Runtime\Core\Builders\InterfaceTableBuilder.h">
      <Filter>头文件\Runtime\Core\Builders</Filter>
    </ClInclude>
    <ClInclude Include="Runtime\Core\Builders\MethodTableBuilder.h">
      <Filter>头文件\Runtime\Core\Builders</Filter>
    </ClInclude>
    <ClInclude Include="Runtime\Core\Builders\TypeBuilder.h">
      <Filter>头文件\Runtime\Core\Builders</Filter>
    </ClInclude>
    <ClInclude Include="Runtime\Core\Builders\FieldTableBuilder.h">
      <Filter>头文件\Runtime\Core\Builders</Filter>
    </ClInclude>
    <ClInclude Include="Runtime\Core\JIT\JIT.h">
      <Filter>头文件\Runtime\Core\JIT</Filter>
    </ClInclude>
    <ClInclude Include="Runtime\Core\JIT\JITContext.h">
      <Filter>头文件\Runtime\Core\JIT</Filter>
    </ClInclude>
    <ClInclude Include="Runtime\Core\JIT\OpCodes.h">
      <Filter>头文件\Runtime\Core\JIT</Filter>
    </ClInclude>
    <ClInclude Include="Runtime\Core\JIT\HexJIT\HexJIT.h">
      <Filter>头文件\Runtime\Core\JIT\HexJIT</Filter>
    </ClInclude>
    <ClInclude Include="Runtime\Core\JIT\HexJIT\Frontend\EvaluationStack.h">
      <Filter>头文件\Runtime\Core\JIT\HexJIT\Frontend</Filter>
    </ClInclude>
    <ClInclude Include="Runtime\Core\JIT\HexJIT\Frontend\IR.h">
      <Filter>头文件\Runtime\Core\JIT\HexJIT\Frontend</Filter>
    </ClInclude>
    <ClInclude Include="Runtime\Core\JIT\HexJIT\Frontend\SSABuilder.h">
      <Filter>头文件\Runtime\Core\JIT\HexJIT\Frontend</Filter>
    </ClInclude>
    <ClInclude Include="Runtime\Core\JIT\HexJIT\Frontend\Transformer.h">
      <Filter>头文件\Runtime\Core\JIT\HexJIT\Frontend</Filter>
    </ClInclude>
    <ClInclude Include="Runtime\Core\Object\ObjectStorage.h">
      <Filter>头文件\Runtime\Core\Object</Filter>
    </ClInclude>
    <ClInclude Include="Runtime\Core\Object\StringObject.h">
      <Filter>头文件\Runtime\Core\Object</Filter>
    </ClInclude>
    <ClInclude Include="Runtime\Core\Object\ArrayObject.h">
      <Filter>头文件\Runtime\Core\Object</Filter>
    </ClInclude>
    <ClInclude Include="Runtime\Core\Object\Object.h">
      <Filter>头文件\Runtime\Core\Object</Filter>
    </ClInclude>
    <ClInclude Include="Runtime\Core\Type\Type.h">
      <Filter>头文件\Runtime\Core\Type</Filter>
    </ClInclude>
    <ClInclude Include="Runtime\Core\Type\TypeRepresentation.h">
      <Filter>头文件\Runtime\Core\Type</Filter>
    </ClInclude>
    <ClInclude Include="Runtime\Core\Type\AssemblyContext.h">
      <Filter>头文件\Runtime\Core\Type</Filter>
    </ClInclude>
    <ClInclude Include="Runtime\Core\Type\CoreTypes.h">
      <Filter>头文件\Runtime\Core\Type</Filter>
    </ClInclude>
    <ClInclude Include="Runtime\Core\Meta\MetaManager.h">
      <Filter>头文件\Runtime\Core\Meta</Filter>
    </ClInclude>
    <ClInclude Include="Runtime\Core\Meta\Table.h">
      <Filter>头文件\Runtime\Core\Meta</Filter>
    </ClInclude>
    <ClInclude Include="Runtime\Core\JIT\Emitter\Page\ExecutablePage.h">
      <Filter>头文件\Runtime\Core\JIT\Emitter\Page</Filter>
    </ClInclude>
    <ClInclude Include="Runtime\Core\JIT\Emitter\Page\WindowsExecutablePage.h">
      <Filter>头文件\Runtime\Core\JIT\Emitter\Page</Filter>
    </ClInclude>
    <ClInclude Include="Runtime\Core\Exception\RuntimeException.h">
      <Filter>头文件\Runtime\Core\Exception</Filter>
    </ClInclude>
    <ClInclude Include="Runtime\Core\JIT\Emitter\Emitter.h">
      <Filter>头文件\Runtime\Core\JIT\Emitter</Filter>
    </ClInclude>
    <ClInclude Include="Runtime\Core\JIT\Emitter\X86Emitter.h">
      <Filter>头文件\Runtime\Core\JIT\Emitter</Filter>
    </ClInclude>
    <ClInclude Include="Runtime\Core\JIT\ILEmitter.h">
      <Filter>头文件\Runtime\Core\JIT</Filter>
    </ClInclude>
    <ClInclude Include="Runtime\Core\JIT\HexJIT\JITMemory.h">
      <Filter>头文件\Runtime\Core\JIT\HexJIT</Filter>
    </ClInclude>
    <ClInclude Include="Runtime\Core\Interfaces\OSMemory.h">
      <Filter>头文件\Runtime\Core\Interfaces</Filter>
    </ClInclude>
    <ClInclude Include="Runtime\Core\JIT\HexJIT\HexJITContext.h">
      <Filter>头文件\Runtime\Core\JIT\HexJIT\Frontend</Filter>
    </ClInclude>
  </ItemGroup>
  <ItemGroup>
    <ClCompile Include="Main.cpp">
      <Filter>源文件</Filter>
    </ClCompile>
    <ClCompile Include="Runtime\Core\Type\Type.cpp">
      <Filter>源文件</Filter>
    </ClCompile>
    <ClCompile Include="Runtime\Core\Meta\MetaManager.cpp">
      <Filter>源文件</Filter>
    </ClCompile>
    <ClCompile Include="Runtime\Core\JIT\HexJIT\Frontend\EvaluationStack.cpp">
      <Filter>源文件</Filter>
    </ClCompile>
    <ClCompile Include="Runtime\Core\JIT\Emitter\X86Emitter.cpp">
      <Filter>源文件</Filter>
    </ClCompile>
    <ClCompile Include="Runtime\Core\Object\ObjectStorage.cpp">
      <Filter>源文件</Filter>
    </ClCompile>
    <ClCompile Include="Runtime\Core\JIT\Emitter\Emitter.cpp">
      <Filter>源文件</Filter>
    </ClCompile>
    <ClCompile Include="Runtime\Binary.cpp">
      <Filter>源文件</Filter>
    </ClCompile>
    <ClCompile Include="Runtime\Core\JIT\Emitter\Page\WindowsExecutablePage.cpp">
      <Filter>源文件</Filter>
    </ClCompile>
    <ClCompile Include="Runtime\Core\Object\Object.cpp">
      <Filter>源文件</Filter>
    </ClCompile>
    <ClCompile Include="Runtime\Core\Object\ArrayObject.cpp">
      <Filter>源文件</Filter>
    </ClCompile>
    <ClCompile Include="Runtime\Core\Builders\TypeBuilder.cpp">
      <Filter>源文件</Filter>
    </ClCompile>
    <ClCompile Include="Runtime\Core\Object\StringObject.cpp">
      <Filter>源文件</Filter>
    </ClCompile>
    <ClCompile Include="Runtime\Core\MethodTable.cpp">
      <Filter>源文件</Filter>
    </ClCompile>
    <ClCompile Include="Runtime\Core\Builders\MethodTableBuilder.cpp">
      <Filter>源文件</Filter>
    </ClCompile>
    <ClCompile Include="Runtime\Core\Builders\InterfaceTableBuilder.cpp">
      <Filter>源文件</Filter>
    </ClCompile>
    <ClCompile Include="Runtime\Core\FieldTable.cpp">
      <Filter>源文件</Filter>
    </ClCompile>
    <ClCompile Include="Runtime\Core\Builders\FieldTableBuilder.cpp">
      <Filter>源文件</Filter>
    </ClCompile>
    <ClCompile Include="Runtime\Core\Type\AssemblyContext.cpp">
      <Filter>源文件</Filter>
    </ClCompile>
    <ClCompile Include="Runtime\Core\Exception\RuntimeException.cpp">
      <Filter>源文件</Filter>
    </ClCompile>
    <ClCompile Include="Runtime\Core\GC\GCInterface.cpp">
      <Filter>源文件</Filter>
    </ClCompile>
    <ClCompile Include="Runtime\Core\JIT\HexJIT\Frontend\Transformer.cpp">
      <Filter>源文件</Filter>
    </ClCompile>
    <ClCompile Include="Runtime\Core\JIT\ILEmitter.cpp">
      <Filter>源文件</Filter>
    </ClCompile>
    <ClCompile Include="Runtime\Core\JIT\HexJIT\Frontend\SSABuilder.cpp">
      <Filter>源文件</Filter>
    </ClCompile>
    <ClCompile Include="Runtime\Core\JIT\HexJIT\JITMemory.cpp">
      <Filter>源文件</Filter>
    </ClCompile>
  </ItemGroup>
</Project>