
Microsoft Visual Studio Solution File, Format Version 12.00
# Visual Studio Version 17
VisualStudioVersion = 17.0.31423.177
MinimumVisualStudioVersion = 10.0.40219.1
Project("{8BC9CEB8-8B4A-11D0-8D11-00A0C91BC942}") = "HexRuntime", "HexRuntime\HexRuntime.vcxproj", "{0C0589F1-9236-4540-88E5-ACFB26BE8AE7}"
EndProject
Project("{8BC9CEB8-8B4A-11D0-8D11-00A0C91BC942}") = "ConcurrentMapTest", "ConcurrentMapTest\ConcurrentMapTest.vcxproj", "{502854B3-4849-4C44-B7C7-5FD854188407}"
EndProject
Global
	GlobalSection(SolutionConfigurationPlatforms) = preSolution
		Debug|x64 = Debug|x64
		Debug|x86 = Debug|x86
		Release|x64 = Release|x64
		Release|x86 = Release|x86
	EndGlobalSection
	GlobalSection(ProjectConfigurationPlatforms) = postSolution
		{0C0589F1-9236-4540-88E5-ACFB26BE8AE7}.Debug|x64.ActiveCfg = Debug|x64
		{0C0589F1-9236-4540-88E5-ACFB26BE8AE7}.Debug|x64.Build.0 = Debug|x64
		{0C0589F1-9236-4540-88E5-ACFB26BE8AE7}.Debug|x86.ActiveCfg = Debug|Win32
		{0C0589F1-9236-4540-88E5-ACFB26BE8AE7}.Debug|x86.Build.0 = Debug|Win32
		{0C0589F1-9236-4540-88E5-ACFB26BE8AE7}.Release|x64.ActiveCfg = Release|x64
		{0C0589F1-9236-4540-88E5-ACFB26BE8AE7}.Release|x64.Build.0 = Release|x64
		{0C0589F1-9236-4540-88E5-ACFB26BE8AE7}.Release|x86.ActiveCfg = Release|Win32
		{0C0589F1-9236-4540-88E5-ACFB26BE8AE7}.Release|x86.Build.0 = Release|Win32
		{502854B3-4849-4C44-B7C7-5FD854188407}.Debug|x64.ActiveCfg = Debug|x64
		{502854B3-4849-4C44-B7C7-5FD854188407}.Debug|x64.Build.0 = Debug|x64
		{502854B3-4849-4C44-B7C7-5FD854188407}.Debug|x86.ActiveCfg = Debug|Win32
		{502854B3-4849-4C44-B7C7-5FD854188407}.Debug|x86.Build.0 = Debug|Win32
		{502854B3-4849-4C44-B7C7-5FD854188407}.Release|x64.ActiveCfg = Release|x64
		{502854B3-4849-4C44-B7C7-5FD854188407}.Release|x64.Build.0 = Release|x64
		{502854B3-4849-4C44-B7C7-5FD854188407}.Release|x86.ActiveCfg = Release|Win32
		{502854B3-4849-4C44-B7C7-5FD854188407}.Release|x86.Build.0 = Release|Win32
	EndGlobalSection
	GlobalSection(SolutionProperties) = preSolution
		HideSolutionNode = FALSE
	EndGlobalSection
	GlobalSection(ExtensibilityGlobals) = postSolution
		SolutionGuid = {B9CE9E6C-B4DE-46ED-8C9D-98796A5C9608}
	EndGlobalSection
EndGlobal
