<?xml version="1.0" encoding="utf-8"?>
<Project ToolsVersion="4.0" xmlns="http://schemas.microsoft.com/developer/msbuild/2003">
  <ItemGroup>
    <Filter Include="Source Files">
      <UniqueIdentifier>{4FC737F1-C7A5-4376-A066-2A32D752A2FF}</UniqueIdentifier>
      <Extensions>cpp;c;cc;cxx;c++;cppm;ixx;def;odl;idl;hpj;bat;asm;asmx</Extensions>
    </Filter>
    <Filter Include="Header Files">
      <UniqueIdentifier>{93995380-89BD-4b04-88EB-625FBE52EBFB}</UniqueIdentifier>
      <Extensions>h;hh;hpp;hxx;h++;hm;inl;inc;ipp;xsd</Extensions>
    </Filter>
    <Filter Include="Resource Files">
      <UniqueIdentifier>{67DA6AB6-F800-4c08-8B7A-83BB121AAD01}</UniqueIdentifier>
      <Extensions>rc;ico;cur;bmp;dlg;rc2;rct;bin;rgs;gif;jpg;jpeg;jpe;resx;tiff;tif;png;wav;mfcribbon-ms</Extensions>
    </Filter>
    <Filter Include="Resource Files\LibraryBinary">
      <UniqueIdentifier>{fe3c6ac5-97c8-4880-bc8f-8fa140fa10d1}</UniqueIdentifier>
    </Filter>
    <Filter Include="Resource Files\BuildSource">
      <UniqueIdentifier>{c57132e2-7e04-48d4-a601-b5a7516e7ea6}</UniqueIdentifier>
    </Filter>
  </ItemGroup>
  <ItemGroup>
    <ClCompile Include="MetaTest.cpp">
      <Filter>Source Files</Filter>
    </ClCompile>
    <ClCompile Include="pch.cpp">
      <Filter>Source Files</Filter>
    </ClCompile>
    <ClCompile Include="JITTest.cpp">
      <Filter>Source Files</Filter>
    </ClCompile>
    <ClCompile Include="TypeStructuredNameTest.cpp">
      <Filter>Source Files</Filter>
    </ClCompile>
    <ClCompile Include="BitSetTest.cpp">
      <Filter>Source Files</Filter>
    </ClCompile>
  </ItemGroup>
  <ItemGroup>
    <ClInclude Include="pch.h">
      <Filter>Header Files</Filter>
    </ClInclude>
  </ItemGroup>
  <ItemGroup>
    <None Include="TestIL\JIT">
      <Filter>Resource Files\LibraryBinary</Filter>
    </None>
    <None Include="TestIL\Core">
      <Filter>Resource Files\LibraryBinary</Filter>
    </None>
    <None Include="TestIL\JIT.json">
      <Filter>Resource Files\BuildSource</Filter>
    </None>
    <None Include="TestIL\JIT.il">
      <Filter>Resource Files\BuildSource</Filter>
    </None>
  </ItemGroup>
</Project>